{
  "version": "3",
  "packages": {
    "specifiers": {
      "jsr:@std/assert@^1.0.6": "jsr:@std/assert@1.0.6",
      "jsr:@std/expect": "jsr:@std/expect@1.0.4",
      "jsr:@std/internal@^1.0.4": "jsr:@std/internal@1.0.4",
      "jsr:@std/testing": "jsr:@std/testing@1.0.3",
      "npm:kysely-ctl@0.9.0": "npm:kysely-ctl@0.9.0_kysely@0.27.4"
    },
    "jsr": {
      "@std/assert@1.0.6": {
        "integrity": "1904c05806a25d94fe791d6d883b685c9e2dcd60e4f9fc30f4fc5cf010c72207",
        "dependencies": [
          "jsr:@std/internal@^1.0.4"
        ]
      },
      "@std/expect@1.0.4": {
        "integrity": "97f68a445a9de0d9670200d2b7a19a7505a01b2cb390a983ba8d97d90ce30c4f",
        "dependencies": [
          "jsr:@std/assert@^1.0.6",
          "jsr:@std/internal@^1.0.4"
        ]
      },
      "@std/internal@1.0.4": {
        "integrity": "62e8e4911527e5e4f307741a795c0b0a9e6958d0b3790716ae71ce085f755422"
      },
      "@std/testing@1.0.3": {
        "integrity": "f98c2bee53860a5916727d7e7d3abe920dd6f9edace022e2d059f00d05c2cf42",
        "dependencies": [
          "jsr:@std/assert@^1.0.6",
          "jsr:@std/internal@^1.0.4"
        ]
      }
    },
    "npm": {
      "@esbuild/aix-ppc64@0.23.1": {
        "integrity": "sha512-6VhYk1diRqrhBAqpJEdjASR/+WVRtfjpqKuNw11cLiaWpAT/Uu+nokB+UJnevzy/P9C/ty6AOe0dwueMrGh/iQ==",
        "dependencies": {}
      },
      "@esbuild/android-arm64@0.23.1": {
        "integrity": "sha512-xw50ipykXcLstLeWH7WRdQuysJqejuAGPd30vd1i5zSyKK3WE+ijzHmLKxdiCMtH1pHz78rOg0BKSYOSB/2Khw==",
        "dependencies": {}
      },
      "@esbuild/android-arm@0.23.1": {
        "integrity": "sha512-uz6/tEy2IFm9RYOyvKl88zdzZfwEfKZmnX9Cj1BHjeSGNuGLuMD1kR8y5bteYmwqKm1tj8m4cb/aKEorr6fHWQ==",
        "dependencies": {}
      },
      "@esbuild/android-x64@0.23.1": {
        "integrity": "sha512-nlN9B69St9BwUoB+jkyU090bru8L0NA3yFvAd7k8dNsVH8bi9a8cUAUSEcEEgTp2z3dbEDGJGfP6VUnkQnlReg==",
        "dependencies": {}
      },
      "@esbuild/darwin-arm64@0.23.1": {
        "integrity": "sha512-YsS2e3Wtgnw7Wq53XXBLcV6JhRsEq8hkfg91ESVadIrzr9wO6jJDMZnCQbHm1Guc5t/CdDiFSSfWP58FNuvT3Q==",
        "dependencies": {}
      },
      "@esbuild/darwin-x64@0.23.1": {
        "integrity": "sha512-aClqdgTDVPSEGgoCS8QDG37Gu8yc9lTHNAQlsztQ6ENetKEO//b8y31MMu2ZaPbn4kVsIABzVLXYLhCGekGDqw==",
        "dependencies": {}
      },
      "@esbuild/freebsd-arm64@0.23.1": {
        "integrity": "sha512-h1k6yS8/pN/NHlMl5+v4XPfikhJulk4G+tKGFIOwURBSFzE8bixw1ebjluLOjfwtLqY0kewfjLSrO6tN2MgIhA==",
        "dependencies": {}
      },
      "@esbuild/freebsd-x64@0.23.1": {
        "integrity": "sha512-lK1eJeyk1ZX8UklqFd/3A60UuZ/6UVfGT2LuGo3Wp4/z7eRTRYY+0xOu2kpClP+vMTi9wKOfXi2vjUpO1Ro76g==",
        "dependencies": {}
      },
      "@esbuild/linux-arm64@0.23.1": {
        "integrity": "sha512-/93bf2yxencYDnItMYV/v116zff6UyTjo4EtEQjUBeGiVpMmffDNUyD9UN2zV+V3LRV3/on4xdZ26NKzn6754g==",
        "dependencies": {}
      },
      "@esbuild/linux-arm@0.23.1": {
        "integrity": "sha512-CXXkzgn+dXAPs3WBwE+Kvnrf4WECwBdfjfeYHpMeVxWE0EceB6vhWGShs6wi0IYEqMSIzdOF1XjQ/Mkm5d7ZdQ==",
        "dependencies": {}
      },
      "@esbuild/linux-ia32@0.23.1": {
        "integrity": "sha512-VTN4EuOHwXEkXzX5nTvVY4s7E/Krz7COC8xkftbbKRYAl96vPiUssGkeMELQMOnLOJ8k3BY1+ZY52tttZnHcXQ==",
        "dependencies": {}
      },
      "@esbuild/linux-loong64@0.23.1": {
        "integrity": "sha512-Vx09LzEoBa5zDnieH8LSMRToj7ir/Jeq0Gu6qJ/1GcBq9GkfoEAoXvLiW1U9J1qE/Y/Oyaq33w5p2ZWrNNHNEw==",
        "dependencies": {}
      },
      "@esbuild/linux-mips64el@0.23.1": {
        "integrity": "sha512-nrFzzMQ7W4WRLNUOU5dlWAqa6yVeI0P78WKGUo7lg2HShq/yx+UYkeNSE0SSfSure0SqgnsxPvmAUu/vu0E+3Q==",
        "dependencies": {}
      },
      "@esbuild/linux-ppc64@0.23.1": {
        "integrity": "sha512-dKN8fgVqd0vUIjxuJI6P/9SSSe/mB9rvA98CSH2sJnlZ/OCZWO1DJvxj8jvKTfYUdGfcq2dDxoKaC6bHuTlgcw==",
        "dependencies": {}
      },
      "@esbuild/linux-riscv64@0.23.1": {
        "integrity": "sha512-5AV4Pzp80fhHL83JM6LoA6pTQVWgB1HovMBsLQ9OZWLDqVY8MVobBXNSmAJi//Csh6tcY7e7Lny2Hg1tElMjIA==",
        "dependencies": {}
      },
      "@esbuild/linux-s390x@0.23.1": {
        "integrity": "sha512-9ygs73tuFCe6f6m/Tb+9LtYxWR4c9yg7zjt2cYkjDbDpV/xVn+68cQxMXCjUpYwEkze2RcU/rMnfIXNRFmSoDw==",
        "dependencies": {}
      },
      "@esbuild/linux-x64@0.23.1": {
        "integrity": "sha512-EV6+ovTsEXCPAp58g2dD68LxoP/wK5pRvgy0J/HxPGB009omFPv3Yet0HiaqvrIrgPTBuC6wCH1LTOY91EO5hQ==",
        "dependencies": {}
      },
      "@esbuild/netbsd-x64@0.23.1": {
        "integrity": "sha512-aevEkCNu7KlPRpYLjwmdcuNz6bDFiE7Z8XC4CPqExjTvrHugh28QzUXVOZtiYghciKUacNktqxdpymplil1beA==",
        "dependencies": {}
      },
      "@esbuild/openbsd-arm64@0.23.1": {
        "integrity": "sha512-3x37szhLexNA4bXhLrCC/LImN/YtWis6WXr1VESlfVtVeoFJBRINPJ3f0a/6LV8zpikqoUg4hyXw0sFBt5Cr+Q==",
        "dependencies": {}
      },
      "@esbuild/openbsd-x64@0.23.1": {
        "integrity": "sha512-aY2gMmKmPhxfU+0EdnN+XNtGbjfQgwZj43k8G3fyrDM/UdZww6xrWxmDkuz2eCZchqVeABjV5BpildOrUbBTqA==",
        "dependencies": {}
      },
      "@esbuild/sunos-x64@0.23.1": {
        "integrity": "sha512-RBRT2gqEl0IKQABT4XTj78tpk9v7ehp+mazn2HbUeZl1YMdaGAQqhapjGTCe7uw7y0frDi4gS0uHzhvpFuI1sA==",
        "dependencies": {}
      },
      "@esbuild/win32-arm64@0.23.1": {
        "integrity": "sha512-4O+gPR5rEBe2FpKOVyiJ7wNDPA8nGzDuJ6gN4okSA1gEOYZ67N8JPk58tkWtdtPeLz7lBnY6I5L3jdsr3S+A6A==",
        "dependencies": {}
      },
      "@esbuild/win32-ia32@0.23.1": {
        "integrity": "sha512-BcaL0Vn6QwCwre3Y717nVHZbAa4UBEigzFm6VdsVdT/MbZ38xoj1X9HPkZhbmaBGUD1W8vxAfffbDe8bA6AKnQ==",
        "dependencies": {}
      },
      "@esbuild/win32-x64@0.23.1": {
        "integrity": "sha512-BHpFFeslkWrXWyUPnbKm+xYYVYruCinGcftSBaa8zoF9hZO4BcSCFUvHVTtzpIY6YzUnYtuEhZ+C9iEXjxnasg==",
        "dependencies": {}
      },
      "acorn@8.12.1": {
        "integrity": "sha512-tcpGyI9zbizT9JbV6oYE477V6mTlXvvi0T0G3SNIYE2apm/G5huBa1+K89VGeovbg+jycCrfhl3ADxErOuO6Jg==",
        "dependencies": {}
      },
      "anymatch@3.1.3": {
        "integrity": "sha512-KMReFUr0B4t+D+OBkjR3KYqvocp2XaSzO55UcB6mgQMd3KbcE+mWTyvVV7D/zsdEbNnV6acZUutkiHQXvTr1Rw==",
        "dependencies": {
          "normalize-path": "normalize-path@3.0.0",
          "picomatch": "picomatch@2.3.1"
        }
      },
      "binary-extensions@2.3.0": {
        "integrity": "sha512-Ceh+7ox5qe7LJuLHoY0feh3pHuUDHAcRUeyL2VYghZwfpkNIy/+8Ocg0a3UuSoYzavmylwuLWQOf3hl0jjMMIw==",
        "dependencies": {}
      },
      "braces@3.0.3": {
        "integrity": "sha512-yQbXgO/OSZVD2IsiLlro+7Hf6Q18EJrKSEsdoMzKePKXct3gvD8oLcOQdIzGupr5Fj+EDe8gO/lxc1BzfMpxvA==",
        "dependencies": {
          "fill-range": "fill-range@7.1.1"
        }
      },
      "c12@1.11.2": {
        "integrity": "sha512-oBs8a4uvSDO9dm8b7OCFW7+dgtVrwmwnrVXYzLm43ta7ep2jCn/0MhoUFygIWtxhyy6+/MG7/agvpY0U1Iemew==",
        "dependencies": {
          "chokidar": "chokidar@3.6.0",
          "confbox": "confbox@0.1.7",
          "defu": "defu@6.1.4",
          "dotenv": "dotenv@16.4.5",
          "giget": "giget@1.2.3",
          "jiti": "jiti@1.21.6",
          "mlly": "mlly@1.7.1",
          "ohash": "ohash@1.1.4",
          "pathe": "pathe@1.1.2",
          "perfect-debounce": "perfect-debounce@1.0.0",
          "pkg-types": "pkg-types@1.2.0",
          "rc9": "rc9@2.1.2"
        }
      },
      "chokidar@3.6.0": {
        "integrity": "sha512-7VT13fmjotKpGipCW9JEQAusEPE+Ei8nl6/g4FBAmIm0GOOLMua9NDDo/DWp0ZAxCr3cPq5ZpBqmPAQgDda2Pw==",
        "dependencies": {
          "anymatch": "anymatch@3.1.3",
          "braces": "braces@3.0.3",
          "fsevents": "fsevents@2.3.3",
          "glob-parent": "glob-parent@5.1.2",
          "is-binary-path": "is-binary-path@2.1.0",
          "is-glob": "is-glob@4.0.3",
          "normalize-path": "normalize-path@3.0.0",
          "readdirp": "readdirp@3.6.0"
        }
      },
      "chownr@2.0.0": {
        "integrity": "sha512-bIomtDF5KGpdogkLd9VspvFzk9KfpyyGlS8YFVZl7TGPBHL5snIOnxeshwVgPteQ9b4Eydl+pVbIyE1DcvCWgQ==",
        "dependencies": {}
      },
      "citty@0.1.6": {
        "integrity": "sha512-tskPPKEs8D2KPafUypv2gxwJP8h/OaJmC82QQGGDQcHvXX43xF2VDACcJVmZ0EuSxkpO9Kc4MlrA3q0+FG58AQ==",
        "dependencies": {
          "consola": "consola@3.2.3"
        }
      },
      "confbox@0.1.7": {
        "integrity": "sha512-uJcB/FKZtBMCJpK8MQji6bJHgu1tixKPxRLeGkNzBoOZzpnZUJm0jm2/sBDWcuBx1dYgxV4JU+g5hmNxCyAmdA==",
        "dependencies": {}
      },
      "consola@3.2.3": {
        "integrity": "sha512-I5qxpzLv+sJhTVEoLYNcTW+bThDCPsit0vLNKShZx6rLtpilNpmmeTPaeqJb9ZE9dV3DGaeby6Vuhrw38WjeyQ==",
        "dependencies": {}
      },
      "cross-spawn@7.0.3": {
        "integrity": "sha512-iRDPJKUPVEND7dHPO8rkbOnPpyDygcDFtWjpeWNCgy8WP2rXcxXL8TskReQl6OrB2G7+UJrags1q15Fudc7G6w==",
        "dependencies": {
          "path-key": "path-key@3.1.1",
          "shebang-command": "shebang-command@2.0.0",
          "which": "which@2.0.2"
        }
      },
      "defu@6.1.4": {
        "integrity": "sha512-mEQCMmwJu317oSz8CwdIOdwf3xMif1ttiM8LTufzc3g6kR+9Pe236twL8j3IYT1F7GfRgGcW6MWxzZjLIkuHIg==",
        "dependencies": {}
      },
      "destr@2.0.3": {
        "integrity": "sha512-2N3BOUU4gYMpTP24s5rF5iP7BDr7uNTCs4ozw3kf/eKfvWSIu93GEBi5m427YoyJoeOzQ5smuu4nNAPGb8idSQ==",
        "dependencies": {}
      },
      "dotenv@16.4.5": {
        "integrity": "sha512-ZmdL2rui+eB2YwhsWzjInR8LldtZHGDoQ1ugH85ppHKwpUHL7j7rN0Ti9NCnGiQbhaZ11FpR+7ao1dNsmduNUg==",
        "dependencies": {}
      },
      "esbuild@0.23.1": {
        "integrity": "sha512-VVNz/9Sa0bs5SELtn3f7qhJCDPCF5oMEl5cO9/SSinpE9hbPVvxbd572HH5AKiP7WD8INO53GgfDDhRjkylHEg==",
        "dependencies": {
          "@esbuild/aix-ppc64": "@esbuild/aix-ppc64@0.23.1",
          "@esbuild/android-arm": "@esbuild/android-arm@0.23.1",
          "@esbuild/android-arm64": "@esbuild/android-arm64@0.23.1",
          "@esbuild/android-x64": "@esbuild/android-x64@0.23.1",
          "@esbuild/darwin-arm64": "@esbuild/darwin-arm64@0.23.1",
          "@esbuild/darwin-x64": "@esbuild/darwin-x64@0.23.1",
          "@esbuild/freebsd-arm64": "@esbuild/freebsd-arm64@0.23.1",
          "@esbuild/freebsd-x64": "@esbuild/freebsd-x64@0.23.1",
          "@esbuild/linux-arm": "@esbuild/linux-arm@0.23.1",
          "@esbuild/linux-arm64": "@esbuild/linux-arm64@0.23.1",
          "@esbuild/linux-ia32": "@esbuild/linux-ia32@0.23.1",
          "@esbuild/linux-loong64": "@esbuild/linux-loong64@0.23.1",
          "@esbuild/linux-mips64el": "@esbuild/linux-mips64el@0.23.1",
          "@esbuild/linux-ppc64": "@esbuild/linux-ppc64@0.23.1",
          "@esbuild/linux-riscv64": "@esbuild/linux-riscv64@0.23.1",
          "@esbuild/linux-s390x": "@esbuild/linux-s390x@0.23.1",
          "@esbuild/linux-x64": "@esbuild/linux-x64@0.23.1",
          "@esbuild/netbsd-x64": "@esbuild/netbsd-x64@0.23.1",
          "@esbuild/openbsd-arm64": "@esbuild/openbsd-arm64@0.23.1",
          "@esbuild/openbsd-x64": "@esbuild/openbsd-x64@0.23.1",
          "@esbuild/sunos-x64": "@esbuild/sunos-x64@0.23.1",
          "@esbuild/win32-arm64": "@esbuild/win32-arm64@0.23.1",
          "@esbuild/win32-ia32": "@esbuild/win32-ia32@0.23.1",
          "@esbuild/win32-x64": "@esbuild/win32-x64@0.23.1"
        }
      },
      "execa@8.0.1": {
        "integrity": "sha512-VyhnebXciFV2DESc+p6B+y0LjSm0krU4OgJN44qFAhBY0TJ+1V61tYD2+wHusZ6F9n5K+vl8k0sTy7PEfV4qpg==",
        "dependencies": {
          "cross-spawn": "cross-spawn@7.0.3",
          "get-stream": "get-stream@8.0.1",
          "human-signals": "human-signals@5.0.0",
          "is-stream": "is-stream@3.0.0",
          "merge-stream": "merge-stream@2.0.0",
          "npm-run-path": "npm-run-path@5.3.0",
          "onetime": "onetime@6.0.0",
          "signal-exit": "signal-exit@4.1.0",
          "strip-final-newline": "strip-final-newline@3.0.0"
        }
      },
      "fill-range@7.1.1": {
        "integrity": "sha512-YsGpe3WHLK8ZYi4tWDg2Jy3ebRz2rXowDxnld4bkQB00cc/1Zw9AWnC0i9ztDJitivtQvaI9KaLyKrc+hBW0yg==",
        "dependencies": {
          "to-regex-range": "to-regex-range@5.0.1"
        }
      },
      "fs-minipass@2.1.0": {
        "integrity": "sha512-V/JgOLFCS+R6Vcq0slCuaeWEdNC3ouDlJMNIsacH2VtALiu9mV4LPrHc5cDl8k5aw6J8jwgWWpiTo5RYhmIzvg==",
        "dependencies": {
          "minipass": "minipass@3.3.6"
        }
      },
      "fsevents@2.3.3": {
        "integrity": "sha512-5xoDfX+fL7faATnagmWPpbFtwh/R77WmMMqqHGS65C3vvB0YHrgF+B1YmZ3441tMj5n63k0212XNoJwzlhffQw==",
        "dependencies": {}
      },
      "get-stream@8.0.1": {
        "integrity": "sha512-VaUJspBffn/LMCJVoMvSAdmscJyS1auj5Zulnn5UoYcY531UWmdwhRWkcGKnGU93m5HSXP9LP2usOryrBtQowA==",
        "dependencies": {}
      },
      "get-tsconfig@4.8.1": {
        "integrity": "sha512-k9PN+cFBmaLWtVz29SkUoqU5O0slLuHJXt/2P+tMVFT+phsSGXGkp9t3rQIqdz0e+06EHNGs3oM6ZX1s2zHxRg==",
        "dependencies": {
          "resolve-pkg-maps": "resolve-pkg-maps@1.0.0"
        }
      },
      "giget@1.2.3": {
        "integrity": "sha512-8EHPljDvs7qKykr6uw8b+lqLiUc/vUg+KVTI0uND4s63TdsZM2Xus3mflvF0DDG9SiM4RlCkFGL+7aAjRmV7KA==",
        "dependencies": {
          "citty": "citty@0.1.6",
          "consola": "consola@3.2.3",
          "defu": "defu@6.1.4",
          "node-fetch-native": "node-fetch-native@1.6.4",
          "nypm": "nypm@0.3.12",
          "ohash": "ohash@1.1.4",
          "pathe": "pathe@1.1.2",
          "tar": "tar@6.2.1"
        }
      },
      "glob-parent@5.1.2": {
        "integrity": "sha512-AOIgSQCepiJYwP3ARnGx+5VnTu2HBYdzbGP45eLw1vr3zB3vZLeyed1sC9hnbcOc9/SrMyM5RPQrkGz4aS9Zow==",
        "dependencies": {
          "is-glob": "is-glob@4.0.3"
        }
      },
      "human-signals@5.0.0": {
        "integrity": "sha512-AXcZb6vzzrFAUE61HnN4mpLqd/cSIwNQjtNWR0euPm6y0iqx3G4gOXaIDdtdDwZmhwe82LA6+zinmW4UBWVePQ==",
        "dependencies": {}
      },
      "is-binary-path@2.1.0": {
        "integrity": "sha512-ZMERYes6pDydyuGidse7OsHxtbI7WVeUEozgR/g7rd0xUimYNlvZRE/K2MgZTjWy725IfelLeVcEM97mmtRGXw==",
        "dependencies": {
          "binary-extensions": "binary-extensions@2.3.0"
        }
      },
      "is-extglob@2.1.1": {
        "integrity": "sha512-SbKbANkN603Vi4jEZv49LeVJMn4yGwsbzZworEoyEiutsN3nJYdbO36zfhGJ6QEDpOZIFkDtnq5JRxmvl3jsoQ==",
        "dependencies": {}
      },
      "is-glob@4.0.3": {
        "integrity": "sha512-xelSayHH36ZgE7ZWhli7pW34hNbNl8Ojv5KVmkJD4hBdD3th8Tfk9vYasLM+mXWOZhFkgZfxhLSnrwRr4elSSg==",
        "dependencies": {
          "is-extglob": "is-extglob@2.1.1"
        }
      },
      "is-number@7.0.0": {
        "integrity": "sha512-41Cifkg6e8TylSpdtTpeLVMqvSBEVzTttHvERD741+pnZ8ANv0004MRL43QKPDlK9cGvNp6NZWZUBlbGXYxxng==",
        "dependencies": {}
      },
      "is-stream@3.0.0": {
        "integrity": "sha512-LnQR4bZ9IADDRSkvpqMGvt/tEJWclzklNgSw48V5EAaAeDd6qGvN8ei6k5p0tvxSR171VmGyHuTiAOfxAbr8kA==",
        "dependencies": {}
      },
      "isexe@2.0.0": {
        "integrity": "sha512-RHxMLp9lnKHGHRng9QFhRCMbYAcVpn69smSGcq3f36xjgVVWThj4qqLbTLlq7Ssj8B+fIQ1EuCEGI2lKsyQeIw==",
        "dependencies": {}
      },
      "jiti@1.21.6": {
        "integrity": "sha512-2yTgeWTWzMWkHu6Jp9NKgePDaYHbntiwvYuuJLbbN9vl7DC9DvXKOB2BC3ZZ92D3cvV/aflH0osDfwpHepQ53w==",
        "dependencies": {}
      },
      "kysely-ctl@0.9.0_kysely@0.27.4": {
        "integrity": "sha512-Ek4u/4vXV1nATw/RFXMuG6g76nXcD2f5RSMX/n2lbYDh1sJ53wp7QVYbxuLJwEmfHtLXlQFpDe5xPV2URxs+wg==",
        "dependencies": {
          "c12": "c12@1.11.2",
          "citty": "citty@0.1.6",
          "consola": "consola@3.2.3",
          "kysely": "kysely@0.27.4",
          "nypm": "nypm@0.3.12",
          "ofetch": "ofetch@1.4.0",
          "pathe": "pathe@1.1.2",
          "pkg-types": "pkg-types@1.2.0",
          "std-env": "std-env@3.7.0",
          "tsx": "tsx@4.19.1"
        }
      },
      "kysely@0.27.4": {
        "integrity": "sha512-dyNKv2KRvYOQPLCAOCjjQuCk4YFd33BvGdf/o5bC7FiW+BB6snA81Zt+2wT9QDFzKqxKa5rrOmvlK/anehCcgA==",
        "dependencies": {}
      },
      "merge-stream@2.0.0": {
        "integrity": "sha512-abv/qOcuPfk3URPfDzmZU1LKmuw8kT+0nIHvKrKgFrwifol/doWcdA4ZqsWQ8ENrFKkd67Mfpo/LovbIUsbt3w==",
        "dependencies": {}
      },
      "mimic-fn@4.0.0": {
        "integrity": "sha512-vqiC06CuhBTUdZH+RYl8sFrL096vA45Ok5ISO6sE/Mr1jRbGH4Csnhi8f3wKVl7x8mO4Au7Ir9D3Oyv1VYMFJw==",
        "dependencies": {}
      },
      "minipass@3.3.6": {
        "integrity": "sha512-DxiNidxSEK+tHG6zOIklvNOwm3hvCrbUrdtzY74U6HKTJxvIDfOUL5W5P2Ghd3DTkhhKPYGqeNUIh5qcM4YBfw==",
        "dependencies": {
          "yallist": "yallist@4.0.0"
        }
      },
      "minipass@5.0.0": {
        "integrity": "sha512-3FnjYuehv9k6ovOEbyOswadCDPX1piCfhV8ncmYtHOjuPwylVWsghTLo7rabjC3Rx5xD4HDx8Wm1xnMF7S5qFQ==",
        "dependencies": {}
      },
      "minizlib@2.1.2": {
        "integrity": "sha512-bAxsR8BVfj60DWXHE3u30oHzfl4G7khkSuPW+qvpd7jFRHm7dLxOjUk1EHACJ/hxLY8phGJ0YhYHZo7jil7Qdg==",
        "dependencies": {
          "minipass": "minipass@3.3.6",
          "yallist": "yallist@4.0.0"
        }
      },
      "mkdirp@1.0.4": {
        "integrity": "sha512-vVqVZQyf3WLx2Shd0qJ9xuvqgAyKPLAiqITEtqW0oIUjzo3PePDd6fW9iFz30ef7Ysp/oiWqbhszeGWW2T6Gzw==",
        "dependencies": {}
      },
      "mlly@1.7.1": {
        "integrity": "sha512-rrVRZRELyQzrIUAVMHxP97kv+G786pHmOKzuFII8zDYahFBS7qnHh2AlYSl1GAHhaMPCz6/oHjVMcfFYgFYHgA==",
        "dependencies": {
          "acorn": "acorn@8.12.1",
          "pathe": "pathe@1.1.2",
          "pkg-types": "pkg-types@1.2.0",
          "ufo": "ufo@1.5.4"
        }
      },
      "node-fetch-native@1.6.4": {
        "integrity": "sha512-IhOigYzAKHd244OC0JIMIUrjzctirCmPkaIfhDeGcEETWof5zKYUW7e7MYvChGWh/4CJeXEgsRyGzuF334rOOQ==",
        "dependencies": {}
      },
      "normalize-path@3.0.0": {
        "integrity": "sha512-6eZs5Ls3WtCisHWp9S2GUy8dqkpGi4BVSz3GaqiE6ezub0512ESztXUwUB6C6IKbQkY2Pnb/mD4WYojCRwcwLA==",
        "dependencies": {}
      },
      "npm-run-path@5.3.0": {
        "integrity": "sha512-ppwTtiJZq0O/ai0z7yfudtBpWIoxM8yE6nHi1X47eFR2EWORqfbu6CnPlNsjeN683eT0qG6H/Pyf9fCcvjnnnQ==",
        "dependencies": {
          "path-key": "path-key@4.0.0"
        }
      },
      "nypm@0.3.12": {
        "integrity": "sha512-D3pzNDWIvgA+7IORhD/IuWzEk4uXv6GsgOxiid4UU3h9oq5IqV1KtPDi63n4sZJ/xcWlr88c0QM2RgN5VbOhFA==",
        "dependencies": {
          "citty": "citty@0.1.6",
          "consola": "consola@3.2.3",
          "execa": "execa@8.0.1",
          "pathe": "pathe@1.1.2",
          "pkg-types": "pkg-types@1.2.0",
          "ufo": "ufo@1.5.4"
        }
      },
      "ofetch@1.4.0": {
        "integrity": "sha512-MuHgsEhU6zGeX+EMh+8mSMrYTnsqJQQrpM00Q6QHMKNqQ0bKy0B43tk8tL1wg+CnsSTy1kg4Ir2T5Ig6rD+dfQ==",
        "dependencies": {
          "destr": "destr@2.0.3",
          "node-fetch-native": "node-fetch-native@1.6.4",
          "ufo": "ufo@1.5.4"
        }
      },
      "ohash@1.1.4": {
        "integrity": "sha512-FlDryZAahJmEF3VR3w1KogSEdWX3WhA5GPakFx4J81kEAiHyLMpdLLElS8n8dfNadMgAne/MywcvmogzscVt4g==",
        "dependencies": {}
      },
      "onetime@6.0.0": {
        "integrity": "sha512-1FlR+gjXK7X+AsAHso35MnyN5KqGwJRi/31ft6x0M194ht7S+rWAvd7PHss9xSKMzE0asv1pyIHaJYq+BbacAQ==",
        "dependencies": {
          "mimic-fn": "mimic-fn@4.0.0"
        }
      },
      "path-key@3.1.1": {
        "integrity": "sha512-ojmeN0qd+y0jszEtoY48r0Peq5dwMEkIlCOu6Q5f41lfkswXuKtYrhgoTpLnyIcHm24Uhqx+5Tqm2InSwLhE6Q==",
        "dependencies": {}
      },
      "path-key@4.0.0": {
        "integrity": "sha512-haREypq7xkM7ErfgIyA0z+Bj4AGKlMSdlQE2jvJo6huWD1EdkKYV+G/T4nq0YEF2vgTT8kqMFKo1uHn950r4SQ==",
        "dependencies": {}
      },
      "pathe@1.1.2": {
        "integrity": "sha512-whLdWMYL2TwI08hn8/ZqAbrVemu0LNaNNJZX73O6qaIdCTfXutsLhMkjdENX0qhsQ9uIimo4/aQOmXkoon2nDQ==",
        "dependencies": {}
      },
      "perfect-debounce@1.0.0": {
        "integrity": "sha512-xCy9V055GLEqoFaHoC1SoLIaLmWctgCUaBaWxDZ7/Zx4CTyX7cJQLJOok/orfjZAh9kEYpjJa4d0KcJmCbctZA==",
        "dependencies": {}
      },
      "picomatch@2.3.1": {
        "integrity": "sha512-JU3teHTNjmE2VCGFzuY8EXzCDVwEqB2a8fsIvwaStHhAWJEeVd1o1QD80CU6+ZdEXXSLbSsuLwJjkCBWqRQUVA==",
        "dependencies": {}
      },
      "pkg-types@1.2.0": {
        "integrity": "sha512-+ifYuSSqOQ8CqP4MbZA5hDpb97n3E8SVWdJe+Wms9kj745lmd3b7EZJiqvmLwAlmRfjrI7Hi5z3kdBJ93lFNPA==",
        "dependencies": {
          "confbox": "confbox@0.1.7",
          "mlly": "mlly@1.7.1",
          "pathe": "pathe@1.1.2"
        }
      },
      "rc9@2.1.2": {
        "integrity": "sha512-btXCnMmRIBINM2LDZoEmOogIZU7Qe7zn4BpomSKZ/ykbLObuBdvG+mFq11DL6fjH1DRwHhrlgtYWG96bJiC7Cg==",
        "dependencies": {
          "defu": "defu@6.1.4",
          "destr": "destr@2.0.3"
        }
      },
      "readdirp@3.6.0": {
        "integrity": "sha512-hOS089on8RduqdbhvQ5Z37A0ESjsqz6qnRcffsMU3495FuTdqSm+7bhJ29JvIOsBDEEnan5DPu9t3To9VRlMzA==",
        "dependencies": {
          "picomatch": "picomatch@2.3.1"
        }
      },
      "resolve-pkg-maps@1.0.0": {
        "integrity": "sha512-seS2Tj26TBVOC2NIc2rOe2y2ZO7efxITtLZcGSOnHHNOQ7CkiUBfw0Iw2ck6xkIhPwLhKNLS8BO+hEpngQlqzw==",
        "dependencies": {}
      },
      "shebang-command@2.0.0": {
        "integrity": "sha512-kHxr2zZpYtdmrN1qDjrrX/Z1rR1kG8Dx+gkpK1G4eXmvXswmcE1hTWBWYUzlraYw1/yZp6YuDY77YtvbN0dmDA==",
        "dependencies": {
          "shebang-regex": "shebang-regex@3.0.0"
        }
      },
      "shebang-regex@3.0.0": {
        "integrity": "sha512-7++dFhtcx3353uBaq8DDR4NuxBetBzC7ZQOhmTQInHEd6bSrXdiEyzCvG07Z44UYdLShWUyXt5M/yhz8ekcb1A==",
        "dependencies": {}
      },
      "signal-exit@4.1.0": {
        "integrity": "sha512-bzyZ1e88w9O1iNJbKnOlvYTrWPDl46O1bG0D3XInv+9tkPrxrN8jUUTiFlDkkmKWgn1M6CfIA13SuGqOa9Korw==",
        "dependencies": {}
      },
      "std-env@3.7.0": {
        "integrity": "sha512-JPbdCEQLj1w5GilpiHAx3qJvFndqybBysA3qUOnznweH4QbNYUsW/ea8QzSrnh0vNsezMMw5bcVool8lM0gwzg==",
        "dependencies": {}
      },
      "strip-final-newline@3.0.0": {
        "integrity": "sha512-dOESqjYr96iWYylGObzd39EuNTa5VJxyvVAEm5Jnh7KGo75V43Hk1odPQkNDyXNmUR6k+gEiDVXnjB8HJ3crXw==",
        "dependencies": {}
      },
      "tar@6.2.1": {
        "integrity": "sha512-DZ4yORTwrbTj/7MZYq2w+/ZFdI6OZ/f9SFHR+71gIVUZhOQPHzVCLpvRnPgyaMpfWxxk/4ONva3GQSyNIKRv6A==",
        "dependencies": {
          "chownr": "chownr@2.0.0",
          "fs-minipass": "fs-minipass@2.1.0",
          "minipass": "minipass@5.0.0",
          "minizlib": "minizlib@2.1.2",
          "mkdirp": "mkdirp@1.0.4",
          "yallist": "yallist@4.0.0"
        }
      },
      "to-regex-range@5.0.1": {
        "integrity": "sha512-65P7iz6X5yEr1cwcgvQxbbIw7Uk3gOy5dIdtZ4rDveLqhrdJP+Li/Hx6tyK0NEb+2GCyneCMJiGqrADCSNk8sQ==",
        "dependencies": {
          "is-number": "is-number@7.0.0"
        }
      },
      "tsx@4.19.1": {
        "integrity": "sha512-0flMz1lh74BR4wOvBjuh9olbnwqCPc35OOlfyzHba0Dc+QNUeWX/Gq2YTbnwcWPO3BMd8fkzRVrHcsR+a7z7rA==",
        "dependencies": {
          "esbuild": "esbuild@0.23.1",
          "fsevents": "fsevents@2.3.3",
          "get-tsconfig": "get-tsconfig@4.8.1"
        }
      },
      "ufo@1.5.4": {
        "integrity": "sha512-UsUk3byDzKd04EyoZ7U4DOlxQaD14JUKQl6/P7wiX4FNvUfm3XL246n9W5AmqwW5RSFJ27NAuM0iLscAOYUiGQ==",
        "dependencies": {}
      },
      "which@2.0.2": {
        "integrity": "sha512-BLI3Tl1TW3Pvl70l3yq3Y64i+awpwXqsGBYWkkqMtnbXgrMD+yj7rhW0kuEDxzJaYXGjEW5ogapKNMEKNMjibA==",
        "dependencies": {
          "isexe": "isexe@2.0.0"
        }
      },
      "yallist@4.0.0": {
        "integrity": "sha512-3wdGidZyq5PB084XLES5TpOSRA3wjXAlIWMhum2kRcv/41Sn2emQ0dycQW4uZXLejwKvg6EsvbdlVL+FYEct7A==",
        "dependencies": {}
      }
    }
  },
  "remote": {},
  "workspace": {
    "packageJson": {
      "dependencies": [
        "npm:@maktouch/kysely-zod-codegen@^0.5.2",
        "npm:@types/node@^22.7.4",
        "npm:@types/pg@^8.11.10",
        "npm:autoprefixer@^10.4.20",
        "npm:dotenv@^16.4.5",
        "npm:kysely-ctl@^0.9.0",
        "npm:kysely@^0.27.4",
        "npm:lucide@^0.446.0",
        "npm:open-in-editor@^2.2.0",
        "npm:pg@^8.13.0",
        "npm:postcss@^8.4.47",
        "npm:tailwindcss@^3.4.13",
        "npm:vite@^5.4.8",
        "npm:vitest@^2.1.1",
        "npm:zod@^3.23.8"
      ]
    }
  }
}
