{
  "version": "3",
  "packages": {
    "specifiers": {
      "jsr:@denorg/scrypt@4.4.4": "jsr:@denorg/scrypt@4.4.4",
      "jsr:@std/assert@0.222.1": "jsr:@std/assert@0.222.1",
      "jsr:@std/assert@^0.222.1": "jsr:@std/assert@0.222.1",
      "jsr:@std/crypto@0.222.1": "jsr:@std/crypto@0.222.1",
      "jsr:@std/encoding@0.222.1": "jsr:@std/encoding@0.222.1",
      "jsr:@std/encoding@^0.222.1": "jsr:@std/encoding@0.222.1",
      "jsr:@std/fmt@^0.222.1": "jsr:@std/fmt@0.222.1",
      "jsr:@std/media-types": "jsr:@std/media-types@1.0.3",
      "jsr:@std/path": "jsr:@std/path@1.0.6",
      "npm:kysely@^0.27.4": "npm:kysely@0.27.4",
      "npm:pg-pool": "npm:pg-pool@3.7.0_pg@8.13.0"
    },
    "jsr": {
      "@denorg/scrypt@4.4.4": {
        "integrity": "81e82ad4627e91f4c98c1789b3382667f366a61702642ad5d3a8dddf7b444905",
        "dependencies": [
          "jsr:@std/assert@0.222.1",
          "jsr:@std/crypto@0.222.1",
          "jsr:@std/encoding@0.222.1"
        ]
      },
      "@std/assert@0.222.1": {
        "integrity": "691637161ee584a9919d1f9950ddd1272feb8e0a19e83aa5b7563cedaf73d74c",
        "dependencies": [
          "jsr:@std/fmt@^0.222.1"
        ]
      },
      "@std/crypto@0.222.1": {
        "integrity": "d5b9e6c704fadbcc384cd42c0b603ad4aea710ece0ff26426602681b64fd237c",
        "dependencies": [
          "jsr:@std/assert@^0.222.1",
          "jsr:@std/encoding@^0.222.1"
        ]
      },
      "@std/encoding@0.222.1": {
        "integrity": "fb6c1d38722feebc8d4a5efa3eb2039ecec0d50d053186240484d0c4a4ce1006"
      },
      "@std/fmt@0.222.1": {
        "integrity": "ec3382f9b0261c1ab1a5c804aa355d816515fa984cdd827ed32edfb187c0a722"
      },
      "@std/media-types@1.0.3": {
        "integrity": "b12d30a7852f7578f4d210622df713bbfd1cbdd9b4ec2eaf5c1845ab70bab159"
      },
      "@std/path@1.0.6": {
        "integrity": "ab2c55f902b380cf28e0eec501b4906e4c1960d13f00e11cfbcd21de15f18fed"
      }
    },
    "npm": {
      "kysely@0.27.4": {
        "integrity": "sha512-dyNKv2KRvYOQPLCAOCjjQuCk4YFd33BvGdf/o5bC7FiW+BB6snA81Zt+2wT9QDFzKqxKa5rrOmvlK/anehCcgA==",
        "dependencies": {}
      },
      "pg-cloudflare@1.1.1": {
        "integrity": "sha512-xWPagP/4B6BgFO+EKz3JONXv3YDgvkbVrGw2mTo3D6tVDQRh1e7cqVGvyR3BE+eQgAvx1XhW/iEASj4/jCWl3Q==",
        "dependencies": {}
      },
      "pg-connection-string@2.7.0": {
        "integrity": "sha512-PI2W9mv53rXJQEOb8xNR8lH7Hr+EKa6oJa38zsK0S/ky2er16ios1wLKhZyxzD7jUReiWokc9WK5nxSnC7W1TA==",
        "dependencies": {}
      },
      "pg-int8@1.0.1": {
        "integrity": "sha512-WCtabS6t3c8SkpDBUlb1kjOs7l66xsGdKpIPZsg4wR+B3+u9UAum2odSsF9tnvxg80h4ZxLWMy4pRjOsFIqQpw==",
        "dependencies": {}
      },
      "pg-pool@3.7.0_pg@8.13.0": {
        "integrity": "sha512-ZOBQForurqh4zZWjrgSwwAtzJ7QiRX0ovFkZr2klsen3Nm0aoh33Ls0fzfv3imeH/nw/O27cjdz5kzYJfeGp/g==",
        "dependencies": {
          "pg": "pg@8.13.0"
        }
      },
      "pg-protocol@1.7.0": {
        "integrity": "sha512-hTK/mE36i8fDDhgDFjy6xNOG+LCorxLG3WO17tku+ij6sVHXh1jQUJ8hYAnRhNla4QVD2H8er/FOjc/+EgC6yQ==",
        "dependencies": {}
      },
      "pg-types@2.2.0": {
        "integrity": "sha512-qTAAlrEsl8s4OiEQY69wDvcMIdQN6wdz5ojQiOy6YRMuynxenON0O5oCpJI6lshc6scgAY8qvJ2On/p+CXY0GA==",
        "dependencies": {
          "pg-int8": "pg-int8@1.0.1",
          "postgres-array": "postgres-array@2.0.0",
          "postgres-bytea": "postgres-bytea@1.0.0",
          "postgres-date": "postgres-date@1.0.7",
          "postgres-interval": "postgres-interval@1.2.0"
        }
      },
      "pg@8.13.0": {
        "integrity": "sha512-34wkUTh3SxTClfoHB3pQ7bIMvw9dpFU1audQQeZG837fmHfHpr14n/AELVDoOYVDW2h5RDWU78tFjkD+erSBsw==",
        "dependencies": {
          "pg-cloudflare": "pg-cloudflare@1.1.1",
          "pg-connection-string": "pg-connection-string@2.7.0",
          "pg-pool": "pg-pool@3.7.0_pg@8.13.0",
          "pg-protocol": "pg-protocol@1.7.0",
          "pg-types": "pg-types@2.2.0",
          "pgpass": "pgpass@1.0.5"
        }
      },
      "pgpass@1.0.5": {
        "integrity": "sha512-FdW9r/jQZhSeohs1Z3sI1yxFQNFvMcnmfuj4WBMUTxOrAyLMaTcE1aAMBiTlbMNaXvBCQuVi0R7hd8udDSP7ug==",
        "dependencies": {
          "split2": "split2@4.2.0"
        }
      },
      "postgres-array@2.0.0": {
        "integrity": "sha512-VpZrUqU5A69eQyW2c5CA1jtLecCsN2U/bD6VilrFDWq5+5UIEVO7nazS3TEcHf1zuPYO/sqGvUvW62g86RXZuA==",
        "dependencies": {}
      },
      "postgres-bytea@1.0.0": {
        "integrity": "sha512-xy3pmLuQqRBZBXDULy7KbaitYqLcmxigw14Q5sj8QBVLqEwXfeybIKVWiqAXTlcvdvb0+xkOtDbfQMOf4lST1w==",
        "dependencies": {}
      },
      "postgres-date@1.0.7": {
        "integrity": "sha512-suDmjLVQg78nMK2UZ454hAG+OAW+HQPZ6n++TNDUX+L0+uUlLywnoxJKDou51Zm+zTCjrCl0Nq6J9C5hP9vK/Q==",
        "dependencies": {}
      },
      "postgres-interval@1.2.0": {
        "integrity": "sha512-9ZhXKM/rw350N1ovuWHbGxnGh/SNJ4cnxHiM0rxE4VN41wsg8P8zWn9hv/buK00RP4WvlOyr/RBDiptyxVbkZQ==",
        "dependencies": {
          "xtend": "xtend@4.0.2"
        }
      },
      "split2@4.2.0": {
        "integrity": "sha512-UcjcJOWknrNkF6PLX83qcHM6KHgVKNkV62Y8a5uYDVv9ydGQVwAHMKqHdJje1VTWpljG0WYpCDhrCdAOYH4TWg==",
        "dependencies": {}
      },
      "xtend@4.0.2": {
        "integrity": "sha512-LKYU1iAXJXUgAXn9URjiu+MWhyUXHsvfp7mcuYm9dSUKK0/CjtrUwFAxD82/mCWbtLsGjFIad0wIsod4zrTAEQ==",
        "dependencies": {}
      }
    }
  },
  "remote": {
    "https://deno.land/std@0.134.0/_util/assert.ts": "e94f2eb37cebd7f199952e242c77654e43333c1ac4c5c700e929ea3aa5489f74",
    "https://deno.land/std@0.134.0/_util/os.ts": "49b92edea1e82ba295ec946de8ffd956ed123e2948d9bd1d3e901b04e4307617",
    "https://deno.land/std@0.134.0/path/_constants.ts": "df1db3ffa6dd6d1252cc9617e5d72165cd2483df90e93833e13580687b6083c3",
    "https://deno.land/std@0.134.0/path/_interface.ts": "ee3b431a336b80cf445441109d089b70d87d5e248f4f90ff906820889ecf8d09",
    "https://deno.land/std@0.134.0/path/_util.ts": "c1e9686d0164e29f7d880b2158971d805b6e0efc3110d0b3e24e4b8af2190d2b",
    "https://deno.land/std@0.134.0/path/common.ts": "bee563630abd2d97f99d83c96c2fa0cca7cee103e8cb4e7699ec4d5db7bd2633",
    "https://deno.land/std@0.134.0/path/glob.ts": "cb5255638de1048973c3e69e420c77dc04f75755524cb3b2e160fe9277d939ee",
    "https://deno.land/std@0.134.0/path/mod.ts": "4275129bb766f0e475ecc5246aa35689eeade419d72a48355203f31802640be7",
    "https://deno.land/std@0.134.0/path/posix.ts": "663e4a6fe30a145f56aa41a22d95114c4c5582d8b57d2d7c9ed27ad2c47636bb",
    "https://deno.land/std@0.134.0/path/separator.ts": "fe1816cb765a8068afb3e8f13ad272351c85cbc739af56dacfc7d93d710fe0f9",
    "https://deno.land/std@0.134.0/path/win32.ts": "e7bdf63e8d9982b4d8a01ef5689425c93310ece950e517476e22af10f41a136e",
    "https://deno.land/std@0.224.0/dotenv/mod.ts": "0180eaeedaaf88647318811cdaa418cc64dc51fb08354f91f5f480d0a1309f7d",
    "https://deno.land/std@0.224.0/dotenv/parse.ts": "09977ff88dfd1f24f9973a338f0f91bbdb9307eb5ff6085446e7c423e4c7ba0c",
    "https://deno.land/std@0.224.0/dotenv/stringify.ts": "275da322c409170160440836342eaa7cf012a1d11a7e700d8ca4e7f2f8aa4615",
    "https://deno.land/x/os_paths@v7.4.0/dist/esm/lib/OSPaths.js": "db4f5f05765a1c862e7b1e0f0c293fc752e94e213eabff19f3c03af9b2164f98",
    "https://deno.land/x/os_paths@v7.4.0/src/mod.deno.ts": "5e34d7c1a033665276a1a06e3957a52218bf4711a801f38cf92978aacfad5666",
    "https://deno.land/x/os_paths@v7.4.0/src/platform-adapters/_base.ts": "ca9adf679709824e070631921932620ab4dc2a39fff9706f95592d1620e34dc6",
    "https://deno.land/x/os_paths@v7.4.0/src/platform-adapters/deno.deno.ts": "d184d709522bf2703dc12ff335eb6a10d758a3a5dd4d97524d2aef9d3d448c13",
    "https://deno.land/x/zod@v3.23.8/ZodError.ts": "528da200fbe995157b9ae91498b103c4ef482217a5c086249507ac850bd78f52",
    "https://deno.land/x/zod@v3.23.8/errors.ts": "5285922d2be9700cc0c70c95e4858952b07ae193aa0224be3cbd5cd5567eabef",
    "https://deno.land/x/zod@v3.23.8/external.ts": "a6cfbd61e9e097d5f42f8a7ed6f92f93f51ff927d29c9fbaec04f03cbce130fe",
    "https://deno.land/x/zod@v3.23.8/helpers/enumUtil.ts": "54efc393cc9860e687d8b81ff52e980def00fa67377ad0bf8b3104f8a5bf698c",
    "https://deno.land/x/zod@v3.23.8/helpers/errorUtil.ts": "7a77328240be7b847af6de9189963bd9f79cab32bbc61502a9db4fe6683e2ea7",
    "https://deno.land/x/zod@v3.23.8/helpers/parseUtil.ts": "c14814d167cc286972b6e094df88d7d982572a08424b7cd50f862036b6fcaa77",
    "https://deno.land/x/zod@v3.23.8/helpers/partialUtil.ts": "998c2fe79795257d4d1cf10361e74492f3b7d852f61057c7c08ac0a46488b7e7",
    "https://deno.land/x/zod@v3.23.8/helpers/typeAliases.ts": "0fda31a063c6736fc3cf9090dd94865c811dfff4f3cb8707b932bf937c6f2c3e",
    "https://deno.land/x/zod@v3.23.8/helpers/util.ts": "30c273131661ca5dc973f2cfb196fa23caf3a43e224cdde7a683b72e101a31fc",
    "https://deno.land/x/zod@v3.23.8/index.ts": "d27aabd973613985574bc31f39e45cb5d856aa122ef094a9f38a463b8ef1a268",
    "https://deno.land/x/zod@v3.23.8/locales/en.ts": "a7a25cd23563ccb5e0eed214d9b31846305ddbcdb9c5c8f508b108943366ab4c",
    "https://deno.land/x/zod@v3.23.8/mod.ts": "ec6e2b1255c1a350b80188f97bd0a6bac45801bb46fc48f50b9763aa66046039",
    "https://deno.land/x/zod@v3.23.8/types.ts": "1b172c90782b1eaa837100ebb6abd726d79d6c1ec336350c8e851e0fd706bf5c",
    "https://raw.githubusercontent.com/stagas/utils/refs/heads/main/src/ansi-color-for.ts": "f59dcd273ceed844c78a591e3fa4ac6cfce1d3833bda20ee8620d99423b6db86",
    "https://raw.githubusercontent.com/stagas/utils/refs/heads/main/src/array-maybe.ts": "44498efa6f8c98b2700dcdcff65b68e43d29b0e45c1facca7ebde3612a42559f",
    "https://raw.githubusercontent.com/stagas/utils/refs/heads/main/src/array.ts": "75f071bf54c5cb8849298860fa363dd912cadad58f3398368de1e6d1539043b9",
    "https://raw.githubusercontent.com/stagas/utils/refs/heads/main/src/arrays-equal.ts": "2f4fab5c131e3ec2b968f2118b7fb44d71293731da9aca4ec298d308de877805",
    "https://raw.githubusercontent.com/stagas/utils/refs/heads/main/src/assert.ts": "1e2d4e28a4df39091fede6d2992b8ecd865e65f76e3638779eadcc2fec716fd6",
    "https://raw.githubusercontent.com/stagas/utils/refs/heads/main/src/bench.ts": "4413a6ed832f374975b72cc29394389736608ac70a0381979674cb8853a9f7d6",
    "https://raw.githubusercontent.com/stagas/utils/refs/heads/main/src/callbackify.ts": "5e1632c58edfa9b5266de0caac2b1fbacf00f8bcb407df9f4606d8787dd07364",
    "https://raw.githubusercontent.com/stagas/utils/refs/heads/main/src/canvas.ts": "742ba8edf702dccb6cb7f4d21d0ec005bcbf20bb916e4e5688094bacbdb7f3e8",
    "https://raw.githubusercontent.com/stagas/utils/refs/heads/main/src/chain.ts": "3ac8cdc608108e0fbcf4fbc152a6d126e0bd71c7f6c469c18337cb5809884d71",
    "https://raw.githubusercontent.com/stagas/utils/refs/heads/main/src/checksum.ts": "7ad88baefb325c59d9e27de81f9151e97831bad5d6c2bd75b93c21a5330abb46",
    "https://raw.githubusercontent.com/stagas/utils/refs/heads/main/src/color-hash.ts": "eaa6bbf4e62a31488a03d8cd340b5f9da2e443707589807c58741682515c09cd",
    "https://raw.githubusercontent.com/stagas/utils/refs/heads/main/src/color-of.ts": "d5bab4a9480a5762adf458f5d7d74fd6e32d495fc24edd5007316ecc855d0fac",
    "https://raw.githubusercontent.com/stagas/utils/refs/heads/main/src/colory.ts": "5267d377fbcbcfe59aa0897c9d11f3dcdd3075b74dceef49837fc60868083e20",
    "https://raw.githubusercontent.com/stagas/utils/refs/heads/main/src/consumify.ts": "5d3ffa736c31ad6e884741255b02895661d524899c913df164d205c565bf8127",
    "https://raw.githubusercontent.com/stagas/utils/refs/heads/main/src/cookies.ts": "3e271e34dd85abf23e7c2c928834f75ee97a8dbf906068a1aa7f98489424a764",
    "https://raw.githubusercontent.com/stagas/utils/refs/heads/main/src/create-concurrent-queue.ts": "f02a70ac4699c1bb4aada935bc47a31afa0d835b3a513ce9182bd0fdf03d9a2e",
    "https://raw.githubusercontent.com/stagas/utils/refs/heads/main/src/debounce.ts": "1341209adb864e24d9157ea7bf64dad2ed7c0db8f5e8427995deeab45d2110fe",
    "https://raw.githubusercontent.com/stagas/utils/refs/heads/main/src/debounceable-batch.ts": "79fb8b381d7bd40aa84700a70dfb6808b025e2dfdc2b04c9e9925461502b95e9",
    "https://raw.githubusercontent.com/stagas/utils/refs/heads/main/src/deep-equal.ts": "ec25b3f747cba3c60a3876aef73c3cac4f22053756bfa6c8f1ad6f37e2b999cd",
    "https://raw.githubusercontent.com/stagas/utils/refs/heads/main/src/deep-merge.ts": "e2aeaae36823ed838eb9cf184d75b2d43667ac4e6020fc5a59a190a5bd970141",
    "https://raw.githubusercontent.com/stagas/utils/refs/heads/main/src/deferred.ts": "0c60cb7454293f8062abab96ac8a6e14bd12e051f89a0f4ef19dc2f302f834dd",
    "https://raw.githubusercontent.com/stagas/utils/refs/heads/main/src/dom.ts": "ce3d21edca490159f8da47815fb828654f831009a4b0b1b01c61888517e52dc1",
    "https://raw.githubusercontent.com/stagas/utils/refs/heads/main/src/error.ts": "2b6447d8e958f15287831316daea897940d8b3053ae1279b00cffdb43486495b",
    "https://raw.githubusercontent.com/stagas/utils/refs/heads/main/src/event-emitter.ts": "3c2d30643a750293d97c2a5e447e6d3f6262756fd39d33dfadbd4f858100512e",
    "https://raw.githubusercontent.com/stagas/utils/refs/heads/main/src/fast-json-data.ts": "c0cb0fcee859cd0c17ddd92a555f8de0b54e7ddef2a230bdeb2b7d3a9dae56fd",
    "https://raw.githubusercontent.com/stagas/utils/refs/heads/main/src/filter-as.ts": "294644f334547630001836c81c7fa6f018b59cce6eab32f62e06f248b0c9ed3a",
    "https://raw.githubusercontent.com/stagas/utils/refs/heads/main/src/find-or-create.ts": "e0f0aac28d037792dd8d5003f45cf35193b8f8381d7022c94edf23c303262df0",
    "https://raw.githubusercontent.com/stagas/utils/refs/heads/main/src/fmt.ts": "d9797189ad3f3bf27e948c16851f30a2eb06fc103370d879d5fe5e970e502298",
    "https://raw.githubusercontent.com/stagas/utils/refs/heads/main/src/gc-free-array.ts": "241110e6e9590af9a29a015e9a08528bf7eae4f3496207b18216d1a81d490de4",
    "https://raw.githubusercontent.com/stagas/utils/refs/heads/main/src/genify.ts": "8da484b2fa7e9ace483f1ea84d832d587b0d7504019eec0d38d32771a11da334",
    "https://raw.githubusercontent.com/stagas/utils/refs/heads/main/src/geometry.ts": "a744a559a37c83ccc02f736791601d0d79471c296c66175210e66bdb9bb6f261",
    "https://raw.githubusercontent.com/stagas/utils/refs/heads/main/src/get-destructured-keys.ts": "c549352574afc857c394c14160b9e51c21a9e5a2f54854a773ae355678da9e78",
    "https://raw.githubusercontent.com/stagas/utils/refs/heads/main/src/get-file-id.ts": "ce682f1ebc1a12f45fbd766e19c3e39548cc26459b024759f75fcf8913ae65e3",
    "https://raw.githubusercontent.com/stagas/utils/refs/heads/main/src/glsl.ts": "e29b1f3f71f2e5b3e49173c42430c6bc06395d7f6d1fb5a058833d88560e95c6",
    "https://raw.githubusercontent.com/stagas/utils/refs/heads/main/src/hurry.ts": "f0d8e128ce0f2a2d102b6bbc9c17020cc3f1491b793d60ed2cc60a5a22025a45",
    "https://raw.githubusercontent.com/stagas/utils/refs/heads/main/src/index.ts": "1903061016d4ebea8f98ea904e48857a399958f2f8516e18bee1621f77e18ee2",
    "https://raw.githubusercontent.com/stagas/utils/refs/heads/main/src/is-mobile.ts": "bf9666387f0ce8c6e360ad98dc3d8f1aaf8bfbd4e730badaa822026a301a0c13",
    "https://raw.githubusercontent.com/stagas/utils/refs/heads/main/src/is.ts": "d6a93fee395fbc839130d05d0131b6674aefe6f163b2c5cc277501a4c34b10da",
    "https://raw.githubusercontent.com/stagas/utils/refs/heads/main/src/iterify.ts": "a76577498f3cc3395560af088fa29e1dc5732cd4c465290e44ebed912fcf4eb7",
    "https://raw.githubusercontent.com/stagas/utils/refs/heads/main/src/keyed-cache.ts": "01d9eb1abf62be131af8d976f5563e8e7d22f76ec95e97ff2cebaa4245516afe",
    "https://raw.githubusercontent.com/stagas/utils/refs/heads/main/src/lazy-pool.ts": "30df804d894a4f63155d4b2a89f77948d7a253191b1162c6b4b3d9805b8eacfc",
    "https://raw.githubusercontent.com/stagas/utils/refs/heads/main/src/lazy.ts": "fc6f9efb097228b8946ad8a9d160cb2ea2f06ab1ed23ea03cabbc4d14ed5df08",
    "https://raw.githubusercontent.com/stagas/utils/refs/heads/main/src/logger.ts": "05f38b936f597e328d9aaa1efbb6b625ac084b9bbaef52ea4b9925f515eb0c15",
    "https://raw.githubusercontent.com/stagas/utils/refs/heads/main/src/lru.ts": "02613166d52a0f0b2c50a4b9896d687b214c5f89574c2492c717d90084b1d170",
    "https://raw.githubusercontent.com/stagas/utils/refs/heads/main/src/map-set.ts": "83a5f1d68e79da8241b94f6c3d3de985d6b760b8e8c3be712cf8528e8d89edf5",
    "https://raw.githubusercontent.com/stagas/utils/refs/heads/main/src/match.ts": "0d53cd8bf2273cfc7afeac03555384f341639762a656158919be32641b94b942",
    "https://raw.githubusercontent.com/stagas/utils/refs/heads/main/src/math.ts": "b4854fe0390565e7e8378743de6d20dc20b0119f72ce0a2e8667efa965fd7e9f",
    "https://raw.githubusercontent.com/stagas/utils/refs/heads/main/src/memoize.ts": "bbac9c0c60c791d20ead84c2a5e28c1d3299d599cbbc81ca1cbf8be14d075f34",
    "https://raw.githubusercontent.com/stagas/utils/refs/heads/main/src/memory-view.ts": "1c3bc4a4c5ca98bbbc27845da13caafcb7bfc138a97f7ba02afbf13c82695c25",
    "https://raw.githubusercontent.com/stagas/utils/refs/heads/main/src/mouse-buttons.ts": "219fda3dd0e8b86d4ad6e66950b5ad70be04111d98c0ccf6023460a05b705a93",
    "https://raw.githubusercontent.com/stagas/utils/refs/heads/main/src/mutable.ts": "5840fb6e4ed28bcf2c535a9dd1ba7412f2d571d839a8ed1e3aaa615ff6748650",
    "https://raw.githubusercontent.com/stagas/utils/refs/heads/main/src/noop.ts": "2aad94a421a186213248e704eb80a4279e986c42e69e7d1fafd9cbc40ca8b0df",
    "https://raw.githubusercontent.com/stagas/utils/refs/heads/main/src/object-diff.ts": "6a38ab04a871edcffedfa98b33bf71c1b8e7772764dac78e0109ebe6b776d1be",
    "https://raw.githubusercontent.com/stagas/utils/refs/heads/main/src/object.ts": "af54594f49f585c7e1515e5d2c131ae9d8f2c666086f32ecadf2e3e85276d4f9",
    "https://raw.githubusercontent.com/stagas/utils/refs/heads/main/src/observe.ts": "42bf00c29202fe39907ae8e28ff95f180a0af7afa086c980db1d4888bc08d92c",
    "https://raw.githubusercontent.com/stagas/utils/refs/heads/main/src/on.ts": "37c95d62277a0e992e7caa1e11430cd27a9972a81ee7e828907def43669a0109",
    "https://raw.githubusercontent.com/stagas/utils/refs/heads/main/src/once.ts": "bd2a693151bcc15b7c11c4ea798357c4a67135efed5a91d84e623c06e85daf2f",
    "https://raw.githubusercontent.com/stagas/utils/refs/heads/main/src/partial-includes.ts": "4a9f24abf4034b310eb40b852b9eb7d0b294c14d91cb413f4987ec4fd1575ec4",
    "https://raw.githubusercontent.com/stagas/utils/refs/heads/main/src/partial-sort.ts": "930116520cd711637ce528e9b2baf0ff0547e9ac62a2724a5cd984bd26137d7b",
    "https://raw.githubusercontent.com/stagas/utils/refs/heads/main/src/pick-omit.ts": "30a1998a03607bfa07570f1c6bf3dbbc7cc3be22badb050afe80736d043ead4a",
    "https://raw.githubusercontent.com/stagas/utils/refs/heads/main/src/pool-array-get.ts": "1a8023b395030c72d5e97e95035c19fce93c423c1f9e3b58edc31eff05802e6a",
    "https://raw.githubusercontent.com/stagas/utils/refs/heads/main/src/prevent-stop.ts": "db468c7fa873c944b8ad98a7dd25912adc98c6eec1d598797d4769367db9878b",
    "https://raw.githubusercontent.com/stagas/utils/refs/heads/main/src/promisify.ts": "0697b2be96905fc34f327d40fa751f02f1818e4774894847962f818561c2adab",
    "https://raw.githubusercontent.com/stagas/utils/refs/heads/main/src/proxy-getter.ts": "bd9eb8f25886b21a4310273e87b173078420e3fd06447652bfdc20f498f8e781",
    "https://raw.githubusercontent.com/stagas/utils/refs/heads/main/src/rafs.ts": "eb8bda4088228dc99de452e1f49d8133ef6dc8502ed21c2b48616ecd208c54d5",
    "https://raw.githubusercontent.com/stagas/utils/refs/heads/main/src/random-hash.ts": "3c0fbf7917fec34f32fb5743b553333f7e038b374d9ad0f37dd7253785b6eeca",
    "https://raw.githubusercontent.com/stagas/utils/refs/heads/main/src/random-hex.ts": "545aafbee3779244102bbc3dc1e476c64fac96afbe9017c2aedb007610f9f060",
    "https://raw.githubusercontent.com/stagas/utils/refs/heads/main/src/random-id.ts": "43331a211ee4156c005a846becdb3f7443a0acbd53bfa1e61a64882042ba04e1",
    "https://raw.githubusercontent.com/stagas/utils/refs/heads/main/src/required.ts": "b059a9dd856f77234c3a4911424c03640d38ebbdf547f14bc94f380c45f67dfe",
    "https://raw.githubusercontent.com/stagas/utils/refs/heads/main/src/retry.ts": "3dce0cf8af5c954804a2bd7d79d28dbd31d9f0737628d8073cb752d5fdd6bfe0",
    "https://raw.githubusercontent.com/stagas/utils/refs/heads/main/src/return-this.ts": "0c36ad33976ae4bdf3010d7512e8eec6b65d307dc265b43e333c8132a0307f2e",
    "https://raw.githubusercontent.com/stagas/utils/refs/heads/main/src/rgb.ts": "327b514a94fba2e59228191386828941960fbec3c18066c8e1e5597411165c34",
    "https://raw.githubusercontent.com/stagas/utils/refs/heads/main/src/ring.ts": "660693d3b3e8035a56b62e96d2d1790a0899590f114be492a2ea4748a8dd63e4",
    "https://raw.githubusercontent.com/stagas/utils/refs/heads/main/src/rpc.ts": "cddaf1791b75dce88c00cf61fc11f5ca2cb1dbb6e556c376e8c6c8796f1e1eb9",
    "https://raw.githubusercontent.com/stagas/utils/refs/heads/main/src/seed-rand.ts": "46c4391e07236175830db60480054144b3be61fe1acc181518733e0d56cfa9b5",
    "https://raw.githubusercontent.com/stagas/utils/refs/heads/main/src/sort-object-in-place.ts": "f0372cc3c8ab59adf40e64f40290479636716c7ea632bdea225af84f09e69615",
    "https://raw.githubusercontent.com/stagas/utils/refs/heads/main/src/split-at.ts": "7f30572b7354be6404e96ae2dde864719d312058c16d5ccd721935e3ae3f00db",
    "https://raw.githubusercontent.com/stagas/utils/refs/heads/main/src/string.ts": "c66617152bac3be5ea0150532582ac9cdbb3489d185a0f85066e3c8f7555e97e",
    "https://raw.githubusercontent.com/stagas/utils/refs/heads/main/src/struct.ts": "33e41cb187147101a1d29005c874fae57c777a16b35f83ffa2eeba4ccaef781a",
    "https://raw.githubusercontent.com/stagas/utils/refs/heads/main/src/ticks.ts": "e2d2a32f37db05d3d59dc659f2f9ea37ee2c65b93401b0d1977f3518383c4459",
    "https://raw.githubusercontent.com/stagas/utils/refs/heads/main/src/time-ms.ts": "67811f91953981ead459a0a068f400ce31528ceb05b5c7b67bc4dde601005a1b",
    "https://raw.githubusercontent.com/stagas/utils/refs/heads/main/src/timeout.ts": "3c8a9448f550346aac6ac6f046ce10bb9d5c2ee7f7038a8f5988eb75dd6349d9",
    "https://raw.githubusercontent.com/stagas/utils/refs/heads/main/src/traverse-collect.ts": "db1a5bfcf6a90eb36686b64c3207920b7776fed0dac03e39287839a05ba97a1b",
    "https://raw.githubusercontent.com/stagas/utils/refs/heads/main/src/two-key-map.ts": "dec63a503e40929622f587b2fd3ebe5794a89cd8f5147be69bf9407d70eeb284",
    "https://raw.githubusercontent.com/stagas/utils/refs/heads/main/src/typed-array.ts": "3a049e51442a4466c63032978dc5a1f117f234fa93af9f3a5b0424588616553c",
    "https://raw.githubusercontent.com/stagas/utils/refs/heads/main/src/types.ts": "41175f1bf429006de581b74aaffc8991426100e995659c12e01bb5ac4ce452fa",
    "https://raw.githubusercontent.com/stagas/utils/refs/heads/main/src/unholey.ts": "37c2827f9b3083e7c76cf79bd73ef6c55461f6c6c73523358687c5f8f1b6a84c",
    "https://raw.githubusercontent.com/stagas/utils/refs/heads/main/src/unique.ts": "e9c5e9f3ed957ae03a8e9d201cdefd086ae95ad431e0831e51afbf52ad9f01d1",
    "https://raw.githubusercontent.com/stagas/utils/refs/heads/main/src/uniterify.ts": "8832052507e1c9cd7424ca6d89b031fd986fb28f7951edc939c2948c1e5fc478",
    "https://raw.githubusercontent.com/stagas/utils/refs/heads/main/src/validate-type.ts": "6e1e7c062964ec63e3342ab19187457e41474ec64e9bb87fd9f681f9557be255",
    "https://raw.githubusercontent.com/stagas/utils/refs/heads/main/src/wasm-alloc.ts": "d45bc7ee190cce90e15e58009f0564299dcceb3f621e6e4eaae9ea71ce4f842b",
    "https://raw.githubusercontent.com/stagas/utils/refs/heads/main/src/wasm-import.ts": "184ebc7bf6861465da1dc7edf04022da3d3c89becb295bf1fe86a89ae26c574a",
    "https://raw.githubusercontent.com/stagas/utils/refs/heads/main/src/wasm-sourcemap.ts": "42544a42fcb37cf54749a9941934115606c61afdcdba295c553c981914620329",
    "https://raw.githubusercontent.com/stagas/utils/refs/heads/main/src/when-image-ready.ts": "69b79af453926303d20912ac6a318a22d70cdb4babf4003d32fe18c104cc82a1",
    "https://raw.githubusercontent.com/stagas/utils/refs/heads/main/src/with-options.ts": "331ca3808b70391d47ca1d1cf70c6878f9b9176783eab5a87d2e7d77831e63be"
  },
  "workspace": {
    "dependencies": [
      "npm:kysely@^0.27.4",
      "npm:pg",
      "npm:pg-pool"
    ]
  }
}
